
Microsoft Visual Studio Solution File, Format Version 12.00
# Visual Studio 14
VisualStudioVersion = 14.0.25420.1
MinimumVisualStudioVersion = 10.0.40219.1
Project("{FAE04EC0-301F-11D3-BF4B-00C04F79EFBC}") = "Pug.Cereal", "Pug.Cereal\Pug.Cereal.csproj", "{CAAC4E8D-B58B-4131-A69E-90A8BEE34DF4}"
EndProject
Project("{2150E333-8FDC-42A3-9474-1A3956D46DE8}") = "Tests", "Tests", "{C20EA7E2-C322-4358-9D6A-B62AF323F390}"
EndProject
Project("{FAE04EC0-301F-11D3-BF4B-00C04F79EFBC}") = "Pug.Cereal.Common", "Pug.Cereal.Common\Pug.Cereal.Common.csproj", "{E2F7DFBB-ED33-42E6-998E-EB65FF91455C}"
EndProject
Global
	GlobalSection(SolutionConfigurationPlatforms) = preSolution
		Debug|Any CPU = Debug|Any CPU
		Release|Any CPU = Release|Any CPU
	EndGlobalSection
	GlobalSection(ProjectConfigurationPlatforms) = postSolution
		{CAAC4E8D-B58B-4131-A69E-90A8BEE34DF4}.Debug|Any CPU.ActiveCfg = Debug|Any CPU
		{CAAC4E8D-B58B-4131-A69E-90A8BEE34DF4}.Debug|Any CPU.Build.0 = Debug|Any CPU
		{CAAC4E8D-B58B-4131-A69E-90A8BEE34DF4}.Release|Any CPU.ActiveCfg = Release|Any CPU
		{CAAC4E8D-B58B-4131-A69E-90A8BEE34DF4}.Release|Any CPU.Build.0 = Release|Any CPU
		{E2F7DFBB-ED33-42E6-998E-EB65FF91455C}.Debug|Any CPU.ActiveCfg = Debug|Any CPU
		{E2F7DFBB-ED33-42E6-998E-EB65FF91455C}.Debug|Any CPU.Build.0 = Debug|Any CPU
		{E2F7DFBB-ED33-42E6-998E-EB65FF91455C}.Release|Any CPU.ActiveCfg = Release|Any CPU
		{E2F7DFBB-ED33-42E6-998E-EB65FF91455C}.Release|Any CPU.Build.0 = Release|Any CPU
	EndGlobalSection
	GlobalSection(SolutionProperties) = preSolution
		HideSolutionNode = FALSE
	EndGlobalSection
EndGlobal
